{
  "name": "nuls-shared-node-rewards-calculator",
  "version": "0.1.0",
  "lockfileVersion": 1,
  "requires": true,
  "dependencies": {
    "@types/debounce": {
      "version": "1.0.0",
      "resolved": "https://registry.npmjs.org/@types/debounce/-/debounce-1.0.0.tgz",
      "integrity": "sha1-QXVgIAMx4buE1y2oU5EQLC/NYbc=",
      "dev": true
    },
    "debounce": {
      "version": "1.2.0",
      "resolved": "https://registry.npmjs.org/debounce/-/debounce-1.2.0.tgz",
      "integrity": "sha512-mYtLl1xfZLi1m4RtQYlZgJUNQjl4ZxVnHzIR8nLLgi4q1YT8o/WM+MK/f8yfcc9s5Ir5zRaPZyZU6xs1Syoocg=="
    },
    "minimist": {
      "version": "1.2.0",
      "resolved": "https://registry.npmjs.org/minimist/-/minimist-1.2.0.tgz",
      "integrity": "sha1-o1AIsg9BOD7sH7kU9M1d95omQoQ=",
      "dev": true
    },
    "moment": {
      "version": "2.22.2",
      "resolved": "https://registry.npmjs.org/moment/-/moment-2.22.2.tgz",
      "integrity": "sha1-PCV/mDn8DpP/UxSWMiOeuQeD/2Y="
    },
    "push-dir": {
      "version": "0.4.1",
      "resolved": "https://registry.npmjs.org/push-dir/-/push-dir-0.4.1.tgz",
      "integrity": "sha1-KUgerNnCEGu7eUHbbTfRIqBx7LQ=",
      "dev": true,
      "requires": {
        "minimist": "1.2.0"
      }
    }
  }
}
